
Microsoft Visual Studio Solution File, Format Version 12.00
# Visual Studio Version 17
VisualStudioVersion = 17.6.33829.357
MinimumVisualStudioVersion = 10.0.40219.1
Project("{2150E333-8FDC-42A3-9474-1A3956D46DE8}") = "Services", "Services", "{06137445-7C40-421F-B4AD-3BFE1DEB3475}"
EndProject
Project("{2150E333-8FDC-42A3-9474-1A3956D46DE8}") = "Catalog", "Catalog", "{452F18EC-4AE7-4B92-B9D6-C818D99506CC}"
EndProject
Project("{9A19103F-16F7-4668-BE54-9A1E7A4F7556}") = "Catalog.API", "Catalog.API\Catalog.API.csproj", "{868AC4EB-59BC-44EB-BD6C-50E2B13DD7CE}"
EndProject
Project("{9A19103F-16F7-4668-BE54-9A1E7A4F7556}") = "Catalog.Core", "Catalog.Core\Catalog.Core.csproj", "{20A649C4-1B5A-4949-8C0C-81BC34B9679D}"
EndProject
Project("{9A19103F-16F7-4668-BE54-9A1E7A4F7556}") = "Catalog.Application", "Catalog.Application\Catalog.Application.csproj", "{32005E14-BE07-4E67-9299-C25AB2364BCD}"
EndProject
Project("{9A19103F-16F7-4668-BE54-9A1E7A4F7556}") = "Catalog.Infrastructure", "Catalog.Infrastructure\Catalog.Infrastructure.csproj", "{45627D06-8337-4D99-A767-428C134D763E}"
EndProject
Project("{E53339B2-1760-4266-BCC7-CA923CBCF16C}") = "docker-compose", "docker-compose.dcproj", "{D2D7A97D-AAC9-4F5F-98D4-585D599A1AB9}"
EndProject
Project("{2150E333-8FDC-42A3-9474-1A3956D46DE8}") = "Basket", "Basket", "{BC647A7D-64C1-40D1-9E75-B503356852D7}"
EndProject
Project("{9A19103F-16F7-4668-BE54-9A1E7A4F7556}") = "Basket.API", "Basket.API\Basket.API.csproj", "{B19965B6-2340-4A79-A76E-CD91B459427A}"
EndProject
Project("{9A19103F-16F7-4668-BE54-9A1E7A4F7556}") = "Basket.Application", "Basket.Application\Basket.Application.csproj", "{6C73EDE8-F73F-4279-A2BD-8FE5A932CD19}"
EndProject
Project("{9A19103F-16F7-4668-BE54-9A1E7A4F7556}") = "Basket.Core", "Basket.Core\Basket.Core.csproj", "{772CCDAA-86F1-40DC-87F9-E48DC7E192BA}"
EndProject
Project("{9A19103F-16F7-4668-BE54-9A1E7A4F7556}") = "Basket.Infrastructure", "Basket.Infrastructure\Basket.Infrastructure.csproj", "{A866ABDC-A072-4C13-8EA7-AFF025BB3EF4}"
EndProject
Project("{2150E333-8FDC-42A3-9474-1A3956D46DE8}") = "Discount", "Discount", "{19A9DC5E-0137-45BD-8A78-C63BECCFE6A5}"
EndProject
Project("{FAE04EC0-301F-11D3-BF4B-00C04F79EFBC}") = "Discount.API", "Discount.API\Discount.API.csproj", "{138F0591-6790-4CFE-AE3E-8058BE6BF978}"
EndProject
Project("{FAE04EC0-301F-11D3-BF4B-00C04F79EFBC}") = "Discount.Application", "Discount.Application\Discount.Application.csproj", "{F50AF465-6D7C-416F-ACBB-F3C87D1D349C}"
EndProject
Project("{FAE04EC0-301F-11D3-BF4B-00C04F79EFBC}") = "Discount.Infrastructure", "Discount.Infrastructure\Discount.Infrastructure.csproj", "{07AF9A37-0B5D-4A58-8D3A-5F04AEF3349D}"
EndProject
Project("{FAE04EC0-301F-11D3-BF4B-00C04F79EFBC}") = "Discount.Core", "Discount.Core\Discount.Core.csproj", "{5FE412C5-E6FA-4544-BB7E-CE3105DE4F45}"
EndProject
Global
	GlobalSection(SolutionConfigurationPlatforms) = preSolution
		Debug|Any CPU = Debug|Any CPU
		Release|Any CPU = Release|Any CPU
	EndGlobalSection
	GlobalSection(ProjectConfigurationPlatforms) = postSolution
		{868AC4EB-59BC-44EB-BD6C-50E2B13DD7CE}.Debug|Any CPU.ActiveCfg = Debug|Any CPU
		{868AC4EB-59BC-44EB-BD6C-50E2B13DD7CE}.Debug|Any CPU.Build.0 = Debug|Any CPU
		{868AC4EB-59BC-44EB-BD6C-50E2B13DD7CE}.Release|Any CPU.ActiveCfg = Release|Any CPU
		{868AC4EB-59BC-44EB-BD6C-50E2B13DD7CE}.Release|Any CPU.Build.0 = Release|Any CPU
		{20A649C4-1B5A-4949-8C0C-81BC34B9679D}.Debug|Any CPU.ActiveCfg = Debug|Any CPU
		{20A649C4-1B5A-4949-8C0C-81BC34B9679D}.Debug|Any CPU.Build.0 = Debug|Any CPU
		{20A649C4-1B5A-4949-8C0C-81BC34B9679D}.Release|Any CPU.ActiveCfg = Release|Any CPU
		{20A649C4-1B5A-4949-8C0C-81BC34B9679D}.Release|Any CPU.Build.0 = Release|Any CPU
		{32005E14-BE07-4E67-9299-C25AB2364BCD}.Debug|Any CPU.ActiveCfg = Debug|Any CPU
		{32005E14-BE07-4E67-9299-C25AB2364BCD}.Debug|Any CPU.Build.0 = Debug|Any CPU
		{32005E14-BE07-4E67-9299-C25AB2364BCD}.Release|Any CPU.ActiveCfg = Release|Any CPU
		{32005E14-BE07-4E67-9299-C25AB2364BCD}.Release|Any CPU.Build.0 = Release|Any CPU
		{45627D06-8337-4D99-A767-428C134D763E}.Debug|Any CPU.ActiveCfg = Debug|Any CPU
		{45627D06-8337-4D99-A767-428C134D763E}.Debug|Any CPU.Build.0 = Debug|Any CPU
		{45627D06-8337-4D99-A767-428C134D763E}.Release|Any CPU.ActiveCfg = Release|Any CPU
		{45627D06-8337-4D99-A767-428C134D763E}.Release|Any CPU.Build.0 = Release|Any CPU
		{D2D7A97D-AAC9-4F5F-98D4-585D599A1AB9}.Debug|Any CPU.ActiveCfg = Debug|Any CPU
		{D2D7A97D-AAC9-4F5F-98D4-585D599A1AB9}.Debug|Any CPU.Build.0 = Debug|Any CPU
		{D2D7A97D-AAC9-4F5F-98D4-585D599A1AB9}.Release|Any CPU.ActiveCfg = Release|Any CPU
		{D2D7A97D-AAC9-4F5F-98D4-585D599A1AB9}.Release|Any CPU.Build.0 = Release|Any CPU
		{B19965B6-2340-4A79-A76E-CD91B459427A}.Debug|Any CPU.ActiveCfg = Debug|Any CPU
		{B19965B6-2340-4A79-A76E-CD91B459427A}.Debug|Any CPU.Build.0 = Debug|Any CPU
		{B19965B6-2340-4A79-A76E-CD91B459427A}.Release|Any CPU.ActiveCfg = Release|Any CPU
		{B19965B6-2340-4A79-A76E-CD91B459427A}.Release|Any CPU.Build.0 = Release|Any CPU
		{6C73EDE8-F73F-4279-A2BD-8FE5A932CD19}.Debug|Any CPU.ActiveCfg = Debug|Any CPU
		{6C73EDE8-F73F-4279-A2BD-8FE5A932CD19}.Debug|Any CPU.Build.0 = Debug|Any CPU
		{6C73EDE8-F73F-4279-A2BD-8FE5A932CD19}.Release|Any CPU.ActiveCfg = Release|Any CPU
		{6C73EDE8-F73F-4279-A2BD-8FE5A932CD19}.Release|Any CPU.Build.0 = Release|Any CPU
		{772CCDAA-86F1-40DC-87F9-E48DC7E192BA}.Debug|Any CPU.ActiveCfg = Debug|Any CPU
		{772CCDAA-86F1-40DC-87F9-E48DC7E192BA}.Debug|Any CPU.Build.0 = Debug|Any CPU
		{772CCDAA-86F1-40DC-87F9-E48DC7E192BA}.Release|Any CPU.ActiveCfg = Release|Any CPU
		{772CCDAA-86F1-40DC-87F9-E48DC7E192BA}.Release|Any CPU.Build.0 = Release|Any CPU
		{A866ABDC-A072-4C13-8EA7-AFF025BB3EF4}.Debug|Any CPU.ActiveCfg = Debug|Any CPU
		{A866ABDC-A072-4C13-8EA7-AFF025BB3EF4}.Debug|Any CPU.Build.0 = Debug|Any CPU
		{A866ABDC-A072-4C13-8EA7-AFF025BB3EF4}.Release|Any CPU.ActiveCfg = Release|Any CPU
		{A866ABDC-A072-4C13-8EA7-AFF025BB3EF4}.Release|Any CPU.Build.0 = Release|Any CPU
		{138F0591-6790-4CFE-AE3E-8058BE6BF978}.Debug|Any CPU.ActiveCfg = Debug|Any CPU
		{138F0591-6790-4CFE-AE3E-8058BE6BF978}.Debug|Any CPU.Build.0 = Debug|Any CPU
		{138F0591-6790-4CFE-AE3E-8058BE6BF978}.Release|Any CPU.ActiveCfg = Release|Any CPU
		{138F0591-6790-4CFE-AE3E-8058BE6BF978}.Release|Any CPU.Build.0 = Release|Any CPU
		{F50AF465-6D7C-416F-ACBB-F3C87D1D349C}.Debug|Any CPU.ActiveCfg = Debug|Any CPU
		{F50AF465-6D7C-416F-ACBB-F3C87D1D349C}.Debug|Any CPU.Build.0 = Debug|Any CPU
		{F50AF465-6D7C-416F-ACBB-F3C87D1D349C}.Release|Any CPU.ActiveCfg = Release|Any CPU
		{F50AF465-6D7C-416F-ACBB-F3C87D1D349C}.Release|Any CPU.Build.0 = Release|Any CPU
		{07AF9A37-0B5D-4A58-8D3A-5F04AEF3349D}.Debug|Any CPU.ActiveCfg = Debug|Any CPU
		{07AF9A37-0B5D-4A58-8D3A-5F04AEF3349D}.Debug|Any CPU.Build.0 = Debug|Any CPU
		{07AF9A37-0B5D-4A58-8D3A-5F04AEF3349D}.Release|Any CPU.ActiveCfg = Release|Any CPU
		{07AF9A37-0B5D-4A58-8D3A-5F04AEF3349D}.Release|Any CPU.Build.0 = Release|Any CPU
		{5FE412C5-E6FA-4544-BB7E-CE3105DE4F45}.Debug|Any CPU.ActiveCfg = Debug|Any CPU
		{5FE412C5-E6FA-4544-BB7E-CE3105DE4F45}.Debug|Any CPU.Build.0 = Debug|Any CPU
		{5FE412C5-E6FA-4544-BB7E-CE3105DE4F45}.Release|Any CPU.ActiveCfg = Release|Any CPU
		{5FE412C5-E6FA-4544-BB7E-CE3105DE4F45}.Release|Any CPU.Build.0 = Release|Any CPU
	EndGlobalSection
	GlobalSection(SolutionProperties) = preSolution
		HideSolutionNode = FALSE
	EndGlobalSection
	GlobalSection(NestedProjects) = preSolution
		{452F18EC-4AE7-4B92-B9D6-C818D99506CC} = {06137445-7C40-421F-B4AD-3BFE1DEB3475}
		{868AC4EB-59BC-44EB-BD6C-50E2B13DD7CE} = {452F18EC-4AE7-4B92-B9D6-C818D99506CC}
		{20A649C4-1B5A-4949-8C0C-81BC34B9679D} = {452F18EC-4AE7-4B92-B9D6-C818D99506CC}
		{32005E14-BE07-4E67-9299-C25AB2364BCD} = {452F18EC-4AE7-4B92-B9D6-C818D99506CC}
		{45627D06-8337-4D99-A767-428C134D763E} = {452F18EC-4AE7-4B92-B9D6-C818D99506CC}
		{BC647A7D-64C1-40D1-9E75-B503356852D7} = {06137445-7C40-421F-B4AD-3BFE1DEB3475}
		{B19965B6-2340-4A79-A76E-CD91B459427A} = {BC647A7D-64C1-40D1-9E75-B503356852D7}
		{6C73EDE8-F73F-4279-A2BD-8FE5A932CD19} = {BC647A7D-64C1-40D1-9E75-B503356852D7}
		{772CCDAA-86F1-40DC-87F9-E48DC7E192BA} = {BC647A7D-64C1-40D1-9E75-B503356852D7}
		{A866ABDC-A072-4C13-8EA7-AFF025BB3EF4} = {BC647A7D-64C1-40D1-9E75-B503356852D7}
		{19A9DC5E-0137-45BD-8A78-C63BECCFE6A5} = {06137445-7C40-421F-B4AD-3BFE1DEB3475}
		{138F0591-6790-4CFE-AE3E-8058BE6BF978} = {19A9DC5E-0137-45BD-8A78-C63BECCFE6A5}
		{F50AF465-6D7C-416F-ACBB-F3C87D1D349C} = {19A9DC5E-0137-45BD-8A78-C63BECCFE6A5}
		{07AF9A37-0B5D-4A58-8D3A-5F04AEF3349D} = {19A9DC5E-0137-45BD-8A78-C63BECCFE6A5}
		{5FE412C5-E6FA-4544-BB7E-CE3105DE4F45} = {19A9DC5E-0137-45BD-8A78-C63BECCFE6A5}
	EndGlobalSection
	GlobalSection(ExtensibilityGlobals) = postSolution
		SolutionGuid = {F3DE68FD-94B8-4C3F-ACBD-1C97DAE5C425}
	EndGlobalSection
EndGlobal
